lockfileVersion: 5.3

specifiers:
  '@types/node': ^17.0.31

dependencies:
  '@types/node': registry.npmmirror.com/@types/node/17.0.31

packages:

  registry.npmmirror.com/@types/node/17.0.31:
    resolution: {integrity: sha512-AR0x5HbXGqkEx9CadRH3EBYx/VkiUgZIhP4wvPn/+5KIsgpNoyFaRlVe0Zlx9gRtg8fA06a9tskE2MSN7TcG4Q==, registry: http://registry.npm.taobao.org/, tarball: https://registry.npmmirror.com/@types/node/-/node-17.0.31.tgz}
    name: '@types/node'
    version: 17.0.31
    dev: false
